
Microsoft Visual Studio Solution File, Format Version 12.00
# Visual Studio 15
VisualStudioVersion = 15.0.27428.2015
MinimumVisualStudioVersion = 10.0.40219.1
Project("{FAE04EC0-301F-11D3-BF4B-00C04F79EFBC}") = "noob-webApp", "noob-webApp\noob-webApp.csproj", "{0D1A0B09-733F-416C-8B9F-108B619B26A8}"
EndProject
Global
	GlobalSection(SolutionConfigurationPlatforms) = preSolution
		Debug|Any CPU = Debug|Any CPU
		Release|Any CPU = Release|Any CPU
	EndGlobalSection
	GlobalSection(ProjectConfigurationPlatforms) = postSolution
		{0D1A0B09-733F-416C-8B9F-108B619B26A8}.Debug|Any CPU.ActiveCfg = Debug|Any CPU
		{0D1A0B09-733F-416C-8B9F-108B619B26A8}.Debug|Any CPU.Build.0 = Debug|Any CPU
		{0D1A0B09-733F-416C-8B9F-108B619B26A8}.Release|Any CPU.ActiveCfg = Release|Any CPU
		{0D1A0B09-733F-416C-8B9F-108B619B26A8}.Release|Any CPU.Build.0 = Release|Any CPU
	EndGlobalSection
	GlobalSection(SolutionProperties) = preSolution
		HideSolutionNode = FALSE
	EndGlobalSection
	GlobalSection(ExtensibilityGlobals) = postSolution
		SolutionGuid = {EE5590D9-A33C-4D3A-92F8-284C7AF88DB1}
	EndGlobalSection
EndGlobal
